// !$*UTF8*$!
{
	archiveVersion = 1;
	classes = {
	};
	objectVersion = 46;
	objects = {

/* Begin PBXBuildFile section */
		844D52801F57F20600D6D291 /* main.m in Sources */ = {isa = PBXBuildFile; fileRef = 844D527F1F57F20600D6D291 /* main.m */; };
		844D52831F57F20700D6D291 /* AppDelegate.m in Sources */ = {isa = PBXBuildFile; fileRef = 844D52821F57F20700D6D291 /* AppDelegate.m */; };
		844D52861F57F20700D6D291 /* ViewController.m in Sources */ = {isa = PBXBuildFile; fileRef = 844D52851F57F20700D6D291 /* ViewController.m */; };
		844D52891F57F20700D6D291 /* Main.storyboard in Resources */ = {isa = PBXBuildFile; fileRef = 844D52871F57F20700D6D291 /* Main.storyboard */; };
		844D528C1F57F20700D6D291 /* courses_CoreData.xcdatamodeld in Sources */ = {isa = PBXBuildFile; fileRef = 844D528A1F57F20700D6D291 /* courses_CoreData.xcdatamodeld */; };
		844D528E1F57F20700D6D291 /* Assets.xcassets in Resources */ = {isa = PBXBuildFile; fileRef = 844D528D1F57F20700D6D291 /* Assets.xcassets */; };
		844D52911F57F20700D6D291 /* LaunchScreen.storyboard in Resources */ = {isa = PBXBuildFile; fileRef = 844D528F1F57F20700D6D291 /* LaunchScreen.storyboard */; };
/* End PBXBuildFile section */

/* Begin PBXFileReference section */
		844D527B1F57F20600D6D291 /* courses+CoreData.app */ = {isa = PBXFileReference; explicitFileType = wrapper.application; includeInIndex = 0; path = "courses+CoreData.app"; sourceTree = BUILT_PRODUCTS_DIR; };
		844D527F1F57F20600D6D291 /* main.m */ = {isa = PBXFileReference; lastKnownFileType = sourcecode.c.objc; path = main.m; sourceTree = "<group>"; };
		844D52811F57F20700D6D291 /* AppDelegate.h */ = {isa = PBXFileReference; lastKnownFileType = sourcecode.c.h; path = AppDelegate.h; sourceTree = "<group>"; };
		844D52821F57F20700D6D291 /* AppDelegate.m */ = {isa = PBXFileReference; lastKnownFileType = sourcecode.c.objc; path = AppDelegate.m; sourceTree = "<group>"; };
		844D52841F57F20700D6D291 /* ViewController.h */ = {isa = PBXFileReference; lastKnownFileType = sourcecode.c.h; path = ViewController.h; sourceTree = "<group>"; };
		844D52851F57F20700D6D291 /* ViewController.m */ = {isa = PBXFileReference; lastKnownFileType = sourcecode.c.objc; path = ViewController.m; sourceTree = "<group>"; };
		844D52881F57F20700D6D291 /* Base */ = {isa = PBXFileReference; lastKnownFileType = file.storyboard; name = Base; path = Base.lproj/Main.storyboard; sourceTree = "<group>"; };
		844D528B1F57F20700D6D291 /* courses_CoreData.xcdatamodel */ = {isa = PBXFileReference; lastKnownFileType = wrapper.xcdatamodel; path = courses_CoreData.xcdatamodel; sourceTree = "<group>"; };
		844D528D1F57F20700D6D291 /* Assets.xcassets */ = {isa = PBXFileReference; lastKnownFileType = folder.assetcatalog; path = Assets.xcassets; sourceTree = "<group>"; };
		844D52901F57F20700D6D291 /* Base */ = {isa = PBXFileReference; lastKnownFileType = file.storyboard; name = Base; path = Base.lproj/LaunchScreen.storyboard; sourceTree = "<group>"; };
		844D52921F57F20700D6D291 /* Info.plist */ = {isa = PBXFileReference; lastKnownFileType = text.plist.xml; path = Info.plist; sourceTree = "<group>"; };
/* End PBXFileReference section */

/* Begin PBXFrameworksBuildPhase section */
		844D52781F57F20600D6D291 /* Frameworks */ = {
			isa = PBXFrameworksBuildPhase;
			buildActionMask = 2147483647;
			files = (
			);
			runOnlyForDeploymentPostprocessing = 0;
		};
/* End PBXFrameworksBuildPhase section */

/* Begin PBXGroup section */
		844D52721F57F20600D6D291 = {
			isa = PBXGroup;
			children = (
				844D527D1F57F20600D6D291 /* courses+CoreData */,
				844D527C1F57F20600D6D291 /* Products */,
			);
			sourceTree = "<group>";
		};
		844D527C1F57F20600D6D291 /* Products */ = {
			isa = PBXGroup;
			children = (
				844D527B1F57F20600D6D291 /* courses+CoreData.app */,
			);
			name = Products;
			sourceTree = "<group>";
		};
		844D527D1F57F20600D6D291 /* courses+CoreData */ = {
			isa = PBXGroup;
			children = (
				844D52811F57F20700D6D291 /* AppDelegate.h */,
				844D52821F57F20700D6D291 /* AppDelegate.m */,
				844D52841F57F20700D6D291 /* ViewController.h */,
				844D52851F57F20700D6D291 /* ViewController.m */,
				844D52871F57F20700D6D291 /* Main.storyboard */,
				844D528D1F57F20700D6D291 /* Assets.xcassets */,
				844D528F1F57F20700D6D291 /* LaunchScreen.storyboard */,
				844D52921F57F20700D6D291 /* Info.plist */,
				844D528A1F57F20700D6D291 /* courses_CoreData.xcdatamodeld */,
				844D527E1F57F20600D6D291 /* Supporting Files */,
			);
			path = "courses+CoreData";
			sourceTree = "<group>";
		};
		844D527E1F57F20600D6D291 /* Supporting Files */ = {
			isa = PBXGroup;
			children = (
				844D527F1F57F20600D6D291 /* main.m */,
			);
			name = "Supporting Files";
			sourceTree = "<group>";
		};
/* End PBXGroup section */

/* Begin PBXNativeTarget section */
		844D527A1F57F20600D6D291 /* courses+CoreData */ = {
			isa = PBXNativeTarget;
			buildConfigurationList = 844D52951F57F20700D6D291 /* Build configuration list for PBXNativeTarget "courses+CoreData" */;
			buildPhases = (
				844D52771F57F20600D6D291 /* Sources */,
				844D52781F57F20600D6D291 /* Frameworks */,
				844D52791F57F20600D6D291 /* Resources */,
			);
			buildRules = (
			);
			dependencies = (
			);
			name = "courses+CoreData";
			productName = "courses+CoreData";
			productReference = 844D527B1F57F20600D6D291 /* courses+CoreData.app */;
			productType = "com.apple.product-type.application";
		};
/* End PBXNativeTarget section */

/* Begin PBXProject section */
		844D52731F57F20600D6D291 /* Project object */ = {
			isa = PBXProject;
			attributes = {
				LastUpgradeCheck = 0720;
				ORGANIZATIONNAME = "Galiev Danil";
				TargetAttributes = {
					844D527A1F57F20600D6D291 = {
						CreatedOnToolsVersion = 7.2.1;
					};
				};
			};
			buildConfigurationList = 844D52761F57F20600D6D291 /* Build configuration list for PBXProject "courses+CoreData" */;
			compatibilityVersion = "Xcode 3.2";
			developmentRegion = English;
			hasScannedForEncodings = 0;
			knownRegions = (
				en,
				Base,
			);
			mainGroup = 844D52721F57F20600D6D291;
			productRefGroup = 844D527C1F57F20600D6D291 /* Products */;
			projectDirPath = "";
			projectRoot = "";
			targets = (
				844D527A1F57F20600D6D291 /* courses+CoreData */,
			);
		};
/* End PBXProject section */

/* Begin PBXResourcesBuildPhase section */
		844D52791F57F20600D6D291 /* Resources */ = {
			isa = PBXResourcesBuildPhase;
			buildActionMask = 2147483647;
			files = (
				844D52911F57F20700D6D291 /* LaunchScreen.storyboard in Resources */,
				844D528E1F57F20700D6D291 /* Assets.xcassets in Resources */,
				844D52891F57F20700D6D291 /* Main.storyboard in Resources */,
			);
			runOnlyForDeploymentPostprocessing = 0;
		};
/* End PBXResourcesBuildPhase section */

/* Begin PBXSourcesBuildPhase section */
		844D52771F57F20600D6D291 /* Sources */ = {
			isa = PBXSourcesBuildPhase;
			buildActionMask = 2147483647;
			files = (
				844D52861F57F20700D6D291 /* ViewController.m in Sources */,
				844D52831F57F20700D6D291 /* AppDelegate.m in Sources */,
				844D52801F57F20600D6D291 /* main.m in Sources */,
				844D528C1F57F20700D6D291 /* courses_CoreData.xcdatamodeld in Sources */,
			);
			runOnlyForDeploymentPostprocessing = 0;
		};
/* End PBXSourcesBuildPhase section */

/* Begin PBXVariantGroup section */
		844D52871F57F20700D6D291 /* Main.storyboard */ = {
			isa = PBXVariantGroup;
			children = (
				844D52881F57F20700D6D291 /* Base */,
			);
			name = Main.storyboard;
			sourceTree = "<group>";
		};
		844D528F1F57F20700D6D291 /* LaunchScreen.storyboard */ = {
			isa = PBXVariantGroup;
			children = (
				844D52901F57F20700D6D291 /* Base */,
			);
			name = LaunchScreen.storyboard;
			sourceTree = "<group>";
		};
/* End PBXVariantGroup section */

/* Begin XCBuildConfiguration section */
		844D52931F57F20700D6D291 /* Debug */ = {
			isa = XCBuildConfiguration;
			buildSettings = {
				ALWAYS_SEARCH_USER_PATHS = NO;
				CLANG_CXX_LANGUAGE_STANDARD = "gnu++0x";
				CLANG_CXX_LIBRARY = "libc++";
				CLANG_ENABLE_MODULES = YES;
				CLANG_ENABLE_OBJC_ARC = YES;
				CLANG_WARN_BOOL_CONVERSION = YES;
				CLANG_WARN_CONSTANT_CONVERSION = YES;
				CLANG_WARN_DIRECT_OBJC_ISA_USAGE = YES_ERROR;
				CLANG_WARN_EMPTY_BODY = YES;
				CLANG_WARN_ENUM_CONVERSION = YES;
				CLANG_WARN_INT_CONVERSION = YES;
				CLANG_WARN_OBJC_ROOT_CLASS = YES_ERROR;
				CLANG_WARN_UNREACHABLE_CODE = YES;
				CLANG_WARN__DUPLICATE_METHOD_MATCH = YES;
				"CODE_SIGN_IDENTITY[sdk=iphoneos*]" = "iPhone Developer";
				COPY_PHASE_STRIP = NO;
				DEBUG_INFORMATION_FORMAT = dwarf;
				ENABLE_STRICT_OBJC_MSGSEND = YES;
				ENABLE_TESTABILITY = YES;
				GCC_C_LANGUAGE_STANDARD = gnu99;
				GCC_DYNAMIC_NO_PIC = NO;
				GCC_NO_COMMON_BLOCKS = YES;
				GCC_OPTIMIZATION_LEVEL = 0;
				GCC_PREPROCESSOR_DEFINITIONS = (
					"DEBUG=1",
					"$(inherited)",
				);
				GCC_WARN_64_TO_32_BIT_CONVERSION = YES;
				GCC_WARN_ABOUT_RETURN_TYPE = YES_ERROR;
				GCC_WARN_UNDECLARED_SELECTOR = YES;
				GCC_WARN_UNINITIALIZED_AUTOS = YES_AGGRESSIVE;
				GCC_WARN_UNUSED_FUNCTION = YES;
				GCC_WARN_UNUSED_VARIABLE = YES;
				IPHONEOS_DEPLOYMENT_TARGET = 9.2;
				MTL_ENABLE_DEBUG_INFO = YES;
				ONLY_ACTIVE_ARCH = YES;
				SDKROOT = iphoneos;
			};
			name = Debug;
		};
		844D52941F57F20700D6D291 /* Release */ = {
			isa = XCBuildConfiguration;
			buildSettings = {
				ALWAYS_SEARCH_USER_PATHS = NO;
				CLANG_CXX_LANGUAGE_STANDARD = "gnu++0x";
				CLANG_CXX_LIBRARY = "libc++";
				CLANG_ENABLE_MODULES = YES;
				CLANG_ENABLE_OBJC_ARC = YES;
				CLANG_WARN_BOOL_CONVERSION = YES;
				CLANG_WARN_CONSTANT_CONVERSION = YES;
				CLANG_WARN_DIRECT_OBJC_ISA_USAGE = YES_ERROR;
				CLANG_WARN_EMPTY_BODY = YES;
				CLANG_WARN_ENUM_CONVERSION = YES;
				CLANG_WARN_INT_CONVERSION = YES;
				CLANG_WARN_OBJC_ROOT_CLASS = YES_ERROR;
				CLANG_WARN_UNREACHABLE_CODE = YES;
				CLANG_WARN__DUPLICATE_METHOD_MATCH = YES;
				"CODE_SIGN_IDENTITY[sdk=iphoneos*]" = "iPhone Developer";
				COPY_PHASE_STRIP = NO;
				DEBUG_INFORMATION_FORMAT = "dwarf-with-dsym";
				ENABLE_NS_ASSERTIONS = NO;
				ENABLE_STRICT_OBJC_MSGSEND = YES;
				GCC_C_LANGUAGE_STANDARD = gnu99;
				GCC_NO_COMMON_BLOCKS = YES;
				GCC_WARN_64_TO_32_BIT_CONVERSION = YES;
				GCC_WARN_ABOUT_RETURN_TYPE = YES_ERROR;
				GCC_WARN_UNDECLARED_SELECTOR = YES;
				GCC_WARN_UNINITIALIZED_AUTOS = YES_AGGRESSIVE;
				GCC_WARN_UNUSED_FUNCTION = YES;
				GCC_WARN_UNUSED_VARIABLE = YES;
				IPHONEOS_DEPLOYMENT_TARGET = 9.2;
				MTL_ENABLE_DEBUG_INFO = NO;
				SDKROOT = iphoneos;
				VALIDATE_PRODUCT = YES;
			};
			name = Release;
		};
		844D52961F57F20700D6D291 /* Debug */ = {
			isa = XCBuildConfiguration;
			buildSettings = {
				ASSETCATALOG_COMPILER_APPICON_NAME = AppIcon;
				INFOPLIST_FILE = "courses+CoreData/Info.plist";
				LD_RUNPATH_SEARCH_PATHS = "$(inherited) @executable_path/Frameworks";
				PRODUCT_BUNDLE_IDENTIFIER = "com.galievdanil.courses-CoreData";
				PRODUCT_NAME = "$(TARGET_NAME)";
			};
			name = Debug;
		};
		844D52971F57F20700D6D291 /* Release */ = {
			isa = XCBuildConfiguration;
			buildSettings = {
				ASSETCATALOG_COMPILER_APPICON_NAME = AppIcon;
				INFOPLIST_FILE = "courses+CoreData/Info.plist";
				LD_RUNPATH_SEARCH_PATHS = "$(inherited) @executable_path/Frameworks";
				PRODUCT_BUNDLE_IDENTIFIER = "com.galievdanil.courses-CoreData";
				PRODUCT_NAME = "$(TARGET_NAME)";
			};
			name = Release;
		};
/* End XCBuildConfiguration section */

/* Begin XCConfigurationList section */
		844D52761F57F20600D6D291 /* Build configuration list for PBXProject "courses+CoreData" */ = {
			isa = XCConfigurationList;
			buildConfigurations = (
				844D52931F57F20700D6D291 /* Debug */,
				844D52941F57F20700D6D291 /* Release */,
			);
			defaultConfigurationIsVisible = 0;
			defaultConfigurationName = Release;
		};
		844D52951F57F20700D6D291 /* Build configuration list for PBXNativeTarget "courses+CoreData" */ = {
			isa = XCConfigurationList;
			buildConfigurations = (
				844D52961F57F20700D6D291 /* Debug */,
				844D52971F57F20700D6D291 /* Release */,
			);
			defaultConfigurationIsVisible = 0;
		};
/* End XCConfigurationList section */

/* Begin XCVersionGroup section */
		844D528A1F57F20700D6D291 /* courses_CoreData.xcdatamodeld */ = {
			isa = XCVersionGroup;
			children = (
				844D528B1F57F20700D6D291 /* courses_CoreData.xcdatamodel */,
			);
			currentVersion = 844D528B1F57F20700D6D291 /* courses_CoreData.xcdatamodel */;
			path = courses_CoreData.xcdatamodeld;
			sourceTree = "<group>";
			versionGroupType = wrapper.xcdatamodel;
		};
/* End XCVersionGroup section */
	};
	rootObject = 844D52731F57F20600D6D291 /* Project object */;
}
